
Microsoft Visual Studio Solution File, Format Version 12.00
# Visual Studio Express 15 for Windows Desktop
VisualStudioVersion = 15.0.27130.2010
MinimumVisualStudioVersion = 10.0.40219.1
Project("{FAE04EC0-301F-11D3-BF4B-00C04F79EFBC}") = "Constellation.Server", "Constellation.Server\Constellation.Server.csproj", "{FEBD17A1-9CAB-4880-B61D-CE73283D5684}"
EndProject
Global
	GlobalSection(SolutionConfigurationPlatforms) = preSolution
		Debug|Any CPU = Debug|Any CPU
		Release|Any CPU = Release|Any CPU
	EndGlobalSection
	GlobalSection(ProjectConfigurationPlatforms) = postSolution
		{FEBD17A1-9CAB-4880-B61D-CE73283D5684}.Debug|Any CPU.ActiveCfg = Debug|Any CPU
		{FEBD17A1-9CAB-4880-B61D-CE73283D5684}.Debug|Any CPU.Build.0 = Debug|Any CPU
		{FEBD17A1-9CAB-4880-B61D-CE73283D5684}.Release|Any CPU.ActiveCfg = Release|Any CPU
		{FEBD17A1-9CAB-4880-B61D-CE73283D5684}.Release|Any CPU.Build.0 = Release|Any CPU
	EndGlobalSection
	GlobalSection(SolutionProperties) = preSolution
		HideSolutionNode = FALSE
	EndGlobalSection
	GlobalSection(ExtensibilityGlobals) = postSolution
		SolutionGuid = {189A0144-8708-4D97-B022-2CD9587EAEAF}
	EndGlobalSection
EndGlobal
